
Microsoft Visual Studio Solution File, Format Version 12.00
# Visual Studio 15
VisualStudioVersion = 15.0.26124.0
MinimumVisualStudioVersion = 15.0.26124.0
Project("{2150E333-8FDC-42A3-9474-1A3956D46DE8}") = "Services", "Services", "{BB53E513-7DF1-4CEE-BF5B-272D6502DD15}"
EndProject
Project("{2150E333-8FDC-42A3-9474-1A3956D46DE8}") = "Wallet", "Wallet", "{68B9B775-0C2F-47B7-BB26-383CF09877A9}"
EndProject
Project("{FAE04EC0-301F-11D3-BF4B-00C04F79EFBC}") = "Wallet.API", "Services\Wallet\Wallet.API\Wallet.API.csproj", "{F1239CCE-615B-40FB-8DDC-E15195E244FE}"
EndProject
Project("{2150E333-8FDC-42A3-9474-1A3956D46DE8}") = "Users", "Users", "{0D260E6B-69B7-4FC3-8C8F-C29CA3270B89}"
EndProject
Project("{FAE04EC0-301F-11D3-BF4B-00C04F79EFBC}") = "Users.API", "Services\Users\Users.API\Users.API.csproj", "{184303A1-9C0E-4F20-9307-0850D4CC4BE1}"
EndProject
Project("{2150E333-8FDC-42A3-9474-1A3956D46DE8}") = "Prices", "Prices", "{86B664D1-6725-48FE-BFDA-EE75D1D609D7}"
EndProject
Project("{FAE04EC0-301F-11D3-BF4B-00C04F79EFBC}") = "StockPrices.API", "Services\Prices\StockPrices.API\StockPrices.API.csproj", "{BF383E8D-77E9-40CC-BF6E-23B12C7D1231}"
EndProject
Global
	GlobalSection(SolutionConfigurationPlatforms) = preSolution
		Debug|Any CPU = Debug|Any CPU
		Debug|x64 = Debug|x64
		Debug|x86 = Debug|x86
		Release|Any CPU = Release|Any CPU
		Release|x64 = Release|x64
		Release|x86 = Release|x86
	EndGlobalSection
	GlobalSection(SolutionProperties) = preSolution
		HideSolutionNode = FALSE
	EndGlobalSection
	GlobalSection(ProjectConfigurationPlatforms) = postSolution
		{F1239CCE-615B-40FB-8DDC-E15195E244FE}.Debug|Any CPU.ActiveCfg = Debug|Any CPU
		{F1239CCE-615B-40FB-8DDC-E15195E244FE}.Debug|Any CPU.Build.0 = Debug|Any CPU
		{F1239CCE-615B-40FB-8DDC-E15195E244FE}.Debug|x64.ActiveCfg = Debug|Any CPU
		{F1239CCE-615B-40FB-8DDC-E15195E244FE}.Debug|x64.Build.0 = Debug|Any CPU
		{F1239CCE-615B-40FB-8DDC-E15195E244FE}.Debug|x86.ActiveCfg = Debug|Any CPU
		{F1239CCE-615B-40FB-8DDC-E15195E244FE}.Debug|x86.Build.0 = Debug|Any CPU
		{F1239CCE-615B-40FB-8DDC-E15195E244FE}.Release|Any CPU.ActiveCfg = Release|Any CPU
		{F1239CCE-615B-40FB-8DDC-E15195E244FE}.Release|Any CPU.Build.0 = Release|Any CPU
		{F1239CCE-615B-40FB-8DDC-E15195E244FE}.Release|x64.ActiveCfg = Release|Any CPU
		{F1239CCE-615B-40FB-8DDC-E15195E244FE}.Release|x64.Build.0 = Release|Any CPU
		{F1239CCE-615B-40FB-8DDC-E15195E244FE}.Release|x86.ActiveCfg = Release|Any CPU
		{F1239CCE-615B-40FB-8DDC-E15195E244FE}.Release|x86.Build.0 = Release|Any CPU
		{184303A1-9C0E-4F20-9307-0850D4CC4BE1}.Debug|Any CPU.ActiveCfg = Debug|Any CPU
		{184303A1-9C0E-4F20-9307-0850D4CC4BE1}.Debug|Any CPU.Build.0 = Debug|Any CPU
		{184303A1-9C0E-4F20-9307-0850D4CC4BE1}.Debug|x64.ActiveCfg = Debug|Any CPU
		{184303A1-9C0E-4F20-9307-0850D4CC4BE1}.Debug|x64.Build.0 = Debug|Any CPU
		{184303A1-9C0E-4F20-9307-0850D4CC4BE1}.Debug|x86.ActiveCfg = Debug|Any CPU
		{184303A1-9C0E-4F20-9307-0850D4CC4BE1}.Debug|x86.Build.0 = Debug|Any CPU
		{184303A1-9C0E-4F20-9307-0850D4CC4BE1}.Release|Any CPU.ActiveCfg = Release|Any CPU
		{184303A1-9C0E-4F20-9307-0850D4CC4BE1}.Release|Any CPU.Build.0 = Release|Any CPU
		{184303A1-9C0E-4F20-9307-0850D4CC4BE1}.Release|x64.ActiveCfg = Release|Any CPU
		{184303A1-9C0E-4F20-9307-0850D4CC4BE1}.Release|x64.Build.0 = Release|Any CPU
		{184303A1-9C0E-4F20-9307-0850D4CC4BE1}.Release|x86.ActiveCfg = Release|Any CPU
		{184303A1-9C0E-4F20-9307-0850D4CC4BE1}.Release|x86.Build.0 = Release|Any CPU
		{BF383E8D-77E9-40CC-BF6E-23B12C7D1231}.Debug|Any CPU.ActiveCfg = Debug|Any CPU
		{BF383E8D-77E9-40CC-BF6E-23B12C7D1231}.Debug|Any CPU.Build.0 = Debug|Any CPU
		{BF383E8D-77E9-40CC-BF6E-23B12C7D1231}.Debug|x64.ActiveCfg = Debug|Any CPU
		{BF383E8D-77E9-40CC-BF6E-23B12C7D1231}.Debug|x64.Build.0 = Debug|Any CPU
		{BF383E8D-77E9-40CC-BF6E-23B12C7D1231}.Debug|x86.ActiveCfg = Debug|Any CPU
		{BF383E8D-77E9-40CC-BF6E-23B12C7D1231}.Debug|x86.Build.0 = Debug|Any CPU
		{BF383E8D-77E9-40CC-BF6E-23B12C7D1231}.Release|Any CPU.ActiveCfg = Release|Any CPU
		{BF383E8D-77E9-40CC-BF6E-23B12C7D1231}.Release|Any CPU.Build.0 = Release|Any CPU
		{BF383E8D-77E9-40CC-BF6E-23B12C7D1231}.Release|x64.ActiveCfg = Release|Any CPU
		{BF383E8D-77E9-40CC-BF6E-23B12C7D1231}.Release|x64.Build.0 = Release|Any CPU
		{BF383E8D-77E9-40CC-BF6E-23B12C7D1231}.Release|x86.ActiveCfg = Release|Any CPU
		{BF383E8D-77E9-40CC-BF6E-23B12C7D1231}.Release|x86.Build.0 = Release|Any CPU
	EndGlobalSection
	GlobalSection(NestedProjects) = preSolution
		{68B9B775-0C2F-47B7-BB26-383CF09877A9} = {BB53E513-7DF1-4CEE-BF5B-272D6502DD15}
		{F1239CCE-615B-40FB-8DDC-E15195E244FE} = {68B9B775-0C2F-47B7-BB26-383CF09877A9}
		{0D260E6B-69B7-4FC3-8C8F-C29CA3270B89} = {BB53E513-7DF1-4CEE-BF5B-272D6502DD15}
		{184303A1-9C0E-4F20-9307-0850D4CC4BE1} = {0D260E6B-69B7-4FC3-8C8F-C29CA3270B89}
		{86B664D1-6725-48FE-BFDA-EE75D1D609D7} = {BB53E513-7DF1-4CEE-BF5B-272D6502DD15}
		{BF383E8D-77E9-40CC-BF6E-23B12C7D1231} = {86B664D1-6725-48FE-BFDA-EE75D1D609D7}
	EndGlobalSection
EndGlobal
